
Microsoft Visual Studio Solution File, Format Version 12.00
# Visual Studio 2015
Project("{FAE04EC0-301F-11D3-BF4B-00C04F79EFBC}") = "Asteroid Defence.CSharp", "Asteroid Defence.CSharp.csproj", "{53BBF95F-E55D-8519-1718-794E3C53D532}"
EndProject
Global
	GlobalSection(SolutionConfigurationPlatforms) = preSolution
		Debug|Any CPU = Debug|Any CPU
		Release|Any CPU = Release|Any CPU
	EndGlobalSection
	GlobalSection(ProjectConfigurationPlatforms) = postSolution
		{53BBF95F-E55D-8519-1718-794E3C53D532}.Debug|Any CPU.ActiveCfg = Debug|Any CPU
		{53BBF95F-E55D-8519-1718-794E3C53D532}.Debug|Any CPU.Build.0 = Debug|Any CPU
		{53BBF95F-E55D-8519-1718-794E3C53D532}.Release|Any CPU.ActiveCfg = Release|Any CPU
		{53BBF95F-E55D-8519-1718-794E3C53D532}.Release|Any CPU.Build.0 = Release|Any CPU
	EndGlobalSection
	GlobalSection(SolutionProperties) = preSolution
		HideSolutionNode = FALSE
	EndGlobalSection
EndGlobal
